// !$*UTF8*$!
{
	archiveVersion = 1;
	classes = {
	};
	objectVersion = 46;
	objects = {

/* Begin PBXBuildFile section */
		CD94E8A51C1B566C00E255F4 /* AppDelegate.swift in Sources */ = {isa = PBXBuildFile; fileRef = CD94E8A41C1B566C00E255F4 /* AppDelegate.swift */; };
		CD94E8A71C1B566C00E255F4 /* ViewController.swift in Sources */ = {isa = PBXBuildFile; fileRef = CD94E8A61C1B566C00E255F4 /* ViewController.swift */; };
		CD94E8AA1C1B566C00E255F4 /* Main.storyboard in Resources */ = {isa = PBXBuildFile; fileRef = CD94E8A81C1B566C00E255F4 /* Main.storyboard */; };
		CD94E8AC1C1B566C00E255F4 /* Assets.xcassets in Resources */ = {isa = PBXBuildFile; fileRef = CD94E8AB1C1B566C00E255F4 /* Assets.xcassets */; };
		CD94E8AF1C1B566C00E255F4 /* LaunchScreen.storyboard in Resources */ = {isa = PBXBuildFile; fileRef = CD94E8AD1C1B566C00E255F4 /* LaunchScreen.storyboard */; };
/* End PBXBuildFile section */

/* Begin PBXFileReference section */
		CD94E8A11C1B566C00E255F4 /* PermData.app */ = {isa = PBXFileReference; explicitFileType = wrapper.application; includeInIndex = 0; path = PermData.app; sourceTree = BUILT_PRODUCTS_DIR; };
		CD94E8A41C1B566C00E255F4 /* AppDelegate.swift */ = {isa = PBXFileReference; lastKnownFileType = sourcecode.swift; path = AppDelegate.swift; sourceTree = "<group>"; };
		CD94E8A61C1B566C00E255F4 /* ViewController.swift */ = {isa = PBXFileReference; lastKnownFileType = sourcecode.swift; path = ViewController.swift; sourceTree = "<group>"; };
		CD94E8A91C1B566C00E255F4 /* Base */ = {isa = PBXFileReference; lastKnownFileType = file.storyboard; name = Base; path = Base.lproj/Main.storyboard; sourceTree = "<group>"; };
		CD94E8AB1C1B566C00E255F4 /* Assets.xcassets */ = {isa = PBXFileReference; lastKnownFileType = folder.assetcatalog; path = Assets.xcassets; sourceTree = "<group>"; };
		CD94E8AE1C1B566C00E255F4 /* Base */ = {isa = PBXFileReference; lastKnownFileType = file.storyboard; name = Base; path = Base.lproj/LaunchScreen.storyboard; sourceTree = "<group>"; };
		CD94E8B01C1B566C00E255F4 /* Info.plist */ = {isa = PBXFileReference; lastKnownFileType = text.plist.xml; path = Info.plist; sourceTree = "<group>"; };
/* End PBXFileReference section */

/* Begin PBXFrameworksBuildPhase section */
		CD94E89E1C1B566C00E255F4 /* Frameworks */ = {
			isa = PBXFrameworksBuildPhase;
			buildActionMask = 2147483647;
			files = (
			);
			runOnlyForDeploymentPostprocessing = 0;
		};
/* End PBXFrameworksBuildPhase section */

/* Begin PBXGroup section */
		CD94E8981C1B566C00E255F4 = {
			isa = PBXGroup;
			children = (
				CD94E8A31C1B566C00E255F4 /* PermData */,
				CD94E8A21C1B566C00E255F4 /* Products */,
			);
			sourceTree = "<group>";
		};
		CD94E8A21C1B566C00E255F4 /* Products */ = {
			isa = PBXGroup;
			children = (
				CD94E8A11C1B566C00E255F4 /* PermData.app */,
			);
			name = Products;
			sourceTree = "<group>";
		};
		CD94E8A31C1B566C00E255F4 /* PermData */ = {
			isa = PBXGroup;
			children = (
				CD94E8A41C1B566C00E255F4 /* AppDelegate.swift */,
				CD94E8A61C1B566C00E255F4 /* ViewController.swift */,
				CD94E8A81C1B566C00E255F4 /* Main.storyboard */,
				CD94E8AB1C1B566C00E255F4 /* Assets.xcassets */,
				CD94E8AD1C1B566C00E255F4 /* LaunchScreen.storyboard */,
				CD94E8B01C1B566C00E255F4 /* Info.plist */,
			);
			path = PermData;
			sourceTree = "<group>";
		};
/* End PBXGroup section */

/* Begin PBXNativeTarget section */
		CD94E8A01C1B566C00E255F4 /* PermData */ = {
			isa = PBXNativeTarget;
			buildConfigurationList = CD94E8B31C1B566C00E255F4 /* Build configuration list for PBXNativeTarget "PermData" */;
			buildPhases = (
				CD94E89D1C1B566C00E255F4 /* Sources */,
				CD94E89E1C1B566C00E255F4 /* Frameworks */,
				CD94E89F1C1B566C00E255F4 /* Resources */,
			);
			buildRules = (
			);
			dependencies = (
			);
			name = PermData;
			productName = PermData;
			productReference = CD94E8A11C1B566C00E255F4 /* PermData.app */;
			productType = "com.apple.product-type.application";
		};
/* End PBXNativeTarget section */

/* Begin PBXProject section */
		CD94E8991C1B566C00E255F4 /* Project object */ = {
			isa = PBXProject;
			attributes = {
				LastSwiftUpdateCheck = 0710;
				LastUpgradeCheck = 0710;
				ORGANIZATIONNAME = ccorvino;
				TargetAttributes = {
					CD94E8A01C1B566C00E255F4 = {
						CreatedOnToolsVersion = 7.1.1;
						DevelopmentTeam = 6FE3945UX4;
					};
				};
			};
			buildConfigurationList = CD94E89C1C1B566C00E255F4 /* Build configuration list for PBXProject "PermData" */;
			compatibilityVersion = "Xcode 3.2";
			developmentRegion = English;
			hasScannedForEncodings = 0;
			knownRegions = (
				en,
				Base,
			);
			mainGroup = CD94E8981C1B566C00E255F4;
			productRefGroup = CD94E8A21C1B566C00E255F4 /* Products */;
			projectDirPath = "";
			projectRoot = "";
			targets = (
				CD94E8A01C1B566C00E255F4 /* PermData */,
			);
		};
/* End PBXProject section */

/* Begin PBXResourcesBuildPhase section */
		CD94E89F1C1B566C00E255F4 /* Resources */ = {
			isa = PBXResourcesBuildPhase;
			buildActionMask = 2147483647;
			files = (
				CD94E8AF1C1B566C00E255F4 /* LaunchScreen.storyboard in Resources */,
				CD94E8AC1C1B566C00E255F4 /* Assets.xcassets in Resources */,
				CD94E8AA1C1B566C00E255F4 /* Main.storyboard in Resources */,
			);
			runOnlyForDeploymentPostprocessing = 0;
		};
/* End PBXResourcesBuildPhase section */

/* Begin PBXSourcesBuildPhase section */
		CD94E89D1C1B566C00E255F4 /* Sources */ = {
			isa = PBXSourcesBuildPhase;
			buildActionMask = 2147483647;
			files = (
				CD94E8A71C1B566C00E255F4 /* ViewController.swift in Sources */,
				CD94E8A51C1B566C00E255F4 /* AppDelegate.swift in Sources */,
			);
			runOnlyForDeploymentPostprocessing = 0;
		};
/* End PBXSourcesBuildPhase section */

/* Begin PBXVariantGroup section */
		CD94E8A81C1B566C00E255F4 /* Main.storyboard */ = {
			isa = PBXVariantGroup;
			children = (
				CD94E8A91C1B566C00E255F4 /* Base */,
			);
			name = Main.storyboard;
			sourceTree = "<group>";
		};
		CD94E8AD1C1B566C00E255F4 /* LaunchScreen.storyboard */ = {
			isa = PBXVariantGroup;
			children = (
				CD94E8AE1C1B566C00E255F4 /* Base */,
			);
			name = LaunchScreen.storyboard;
			sourceTree = "<group>";
		};
/* End PBXVariantGroup section */

/* Begin XCBuildConfiguration section */
		CD94E8B11C1B566C00E255F4 /* Debug */ = {
			isa = XCBuildConfiguration;
			buildSettings = {
				ALWAYS_SEARCH_USER_PATHS = NO;
				CLANG_CXX_LANGUAGE_STANDARD = "gnu++0x";
				CLANG_CXX_LIBRARY = "libc++";
				CLANG_ENABLE_MODULES = YES;
				CLANG_ENABLE_OBJC_ARC = YES;
				CLANG_WARN_BOOL_CONVERSION = YES;
				CLANG_WARN_CONSTANT_CONVERSION = YES;
				CLANG_WARN_DIRECT_OBJC_ISA_USAGE = YES_ERROR;
				CLANG_WARN_EMPTY_BODY = YES;
				CLANG_WARN_ENUM_CONVERSION = YES;
				CLANG_WARN_INT_CONVERSION = YES;
				CLANG_WARN_OBJC_ROOT_CLASS = YES_ERROR;
				CLANG_WARN_UNREACHABLE_CODE = YES;
				CLANG_WARN__DUPLICATE_METHOD_MATCH = YES;
				"CODE_SIGN_IDENTITY[sdk=iphoneos*]" = "iPhone Developer";
				COPY_PHASE_STRIP = NO;
				DEBUG_INFORMATION_FORMAT = dwarf;
				ENABLE_STRICT_OBJC_MSGSEND = YES;
				ENABLE_TESTABILITY = YES;
				GCC_C_LANGUAGE_STANDARD = gnu99;
				GCC_DYNAMIC_NO_PIC = NO;
				GCC_NO_COMMON_BLOCKS = YES;
				GCC_OPTIMIZATION_LEVEL = 0;
				GCC_PREPROCESSOR_DEFINITIONS = (
					"DEBUG=1",
					"$(inherited)",
				);
				GCC_WARN_64_TO_32_BIT_CONVERSION = YES;
				GCC_WARN_ABOUT_RETURN_TYPE = YES_ERROR;
				GCC_WARN_UNDECLARED_SELECTOR = YES;
				GCC_WARN_UNINITIALIZED_AUTOS = YES_AGGRESSIVE;
				GCC_WARN_UNUSED_FUNCTION = YES;
				GCC_WARN_UNUSED_VARIABLE = YES;
				IPHONEOS_DEPLOYMENT_TARGET = 9.1;
				MTL_ENABLE_DEBUG_INFO = YES;
				ONLY_ACTIVE_ARCH = YES;
				SDKROOT = iphoneos;
				SWIFT_OPTIMIZATION_LEVEL = "-Onone";
			};
			name = Debug;
		};
		CD94E8B21C1B566C00E255F4 /* Release */ = {
			isa = XCBuildConfiguration;
			buildSettings = {
				ALWAYS_SEARCH_USER_PATHS = NO;
				CLANG_CXX_LANGUAGE_STANDARD = "gnu++0x";
				CLANG_CXX_LIBRARY = "libc++";
				CLANG_ENABLE_MODULES = YES;
				CLANG_ENABLE_OBJC_ARC = YES;
				CLANG_WARN_BOOL_CONVERSION = YES;
				CLANG_WARN_CONSTANT_CONVERSION = YES;
				CLANG_WARN_DIRECT_OBJC_ISA_USAGE = YES_ERROR;
				CLANG_WARN_EMPTY_BODY = YES;
				CLANG_WARN_ENUM_CONVERSION = YES;
				CLANG_WARN_INT_CONVERSION = YES;
				CLANG_WARN_OBJC_ROOT_CLASS = YES_ERROR;
				CLANG_WARN_UNREACHABLE_CODE = YES;
				CLANG_WARN__DUPLICATE_METHOD_MATCH = YES;
				"CODE_SIGN_IDENTITY[sdk=iphoneos*]" = "iPhone Developer";
				COPY_PHASE_STRIP = NO;
				DEBUG_INFORMATION_FORMAT = "dwarf-with-dsym";
				ENABLE_NS_ASSERTIONS = NO;
				ENABLE_STRICT_OBJC_MSGSEND = YES;
				GCC_C_LANGUAGE_STANDARD = gnu99;
				GCC_NO_COMMON_BLOCKS = YES;
				GCC_WARN_64_TO_32_BIT_CONVERSION = YES;
				GCC_WARN_ABOUT_RETURN_TYPE = YES_ERROR;
				GCC_WARN_UNDECLARED_SELECTOR = YES;
				GCC_WARN_UNINITIALIZED_AUTOS = YES_AGGRESSIVE;
				GCC_WARN_UNUSED_FUNCTION = YES;
				GCC_WARN_UNUSED_VARIABLE = YES;
				IPHONEOS_DEPLOYMENT_TARGET = 9.1;
				MTL_ENABLE_DEBUG_INFO = NO;
				SDKROOT = iphoneos;
				VALIDATE_PRODUCT = YES;
			};
			name = Release;
		};
		CD94E8B41C1B566C00E255F4 /* Debug */ = {
			isa = XCBuildConfiguration;
			buildSettings = {
				ASSETCATALOG_COMPILER_APPICON_NAME = AppIcon;
				INFOPLIST_FILE = PermData/Info.plist;
				LD_RUNPATH_SEARCH_PATHS = "$(inherited) @executable_path/Frameworks";
				PRODUCT_BUNDLE_IDENTIFIER = com.ccorvino.PermData;
				PRODUCT_NAME = "$(TARGET_NAME)";
			};
			name = Debug;
		};
		CD94E8B51C1B566C00E255F4 /* Release */ = {
			isa = XCBuildConfiguration;
			buildSettings = {
				ASSETCATALOG_COMPILER_APPICON_NAME = AppIcon;
				INFOPLIST_FILE = PermData/Info.plist;
				LD_RUNPATH_SEARCH_PATHS = "$(inherited) @executable_path/Frameworks";
				PRODUCT_BUNDLE_IDENTIFIER = com.ccorvino.PermData;
				PRODUCT_NAME = "$(TARGET_NAME)";
			};
			name = Release;
		};
/* End XCBuildConfiguration section */

/* Begin XCConfigurationList section */
		CD94E89C1C1B566C00E255F4 /* Build configuration list for PBXProject "PermData" */ = {
			isa = XCConfigurationList;
			buildConfigurations = (
				CD94E8B11C1B566C00E255F4 /* Debug */,
				CD94E8B21C1B566C00E255F4 /* Release */,
			);
			defaultConfigurationIsVisible = 0;
			defaultConfigurationName = Release;
		};
		CD94E8B31C1B566C00E255F4 /* Build configuration list for PBXNativeTarget "PermData" */ = {
			isa = XCConfigurationList;
			buildConfigurations = (
				CD94E8B41C1B566C00E255F4 /* Debug */,
				CD94E8B51C1B566C00E255F4 /* Release */,
			);
			defaultConfigurationIsVisible = 0;
		};
/* End XCConfigurationList section */
	};
	rootObject = CD94E8991C1B566C00E255F4 /* Project object */;
}
